
Microsoft Visual Studio Solution File, Format Version 12.00
# Visual Studio 14
VisualStudioVersion = 14.0.24720.0
MinimumVisualStudioVersion = 10.0.40219.1
Project("{FAE04EC0-301F-11D3-BF4B-00C04F79EFBC}") = "BioProblem1", "BioProblem1\BioProblem1.csproj", "{D8A64232-7C03-4A01-A5F0-ACFF29427071}"
EndProject
Project("{FAE04EC0-301F-11D3-BF4B-00C04F79EFBC}") = "promenadetest", "promenadetest\promenadetest.csproj", "{5E123E78-9123-4F46-9C5A-19E5EEB8FF8B}"
EndProject
Global
	GlobalSection(SolutionConfigurationPlatforms) = preSolution
		Debug|Any CPU = Debug|Any CPU
		Release|Any CPU = Release|Any CPU
	EndGlobalSection
	GlobalSection(ProjectConfigurationPlatforms) = postSolution
		{D8A64232-7C03-4A01-A5F0-ACFF29427071}.Debug|Any CPU.ActiveCfg = Debug|Any CPU
		{D8A64232-7C03-4A01-A5F0-ACFF29427071}.Debug|Any CPU.Build.0 = Debug|Any CPU
		{D8A64232-7C03-4A01-A5F0-ACFF29427071}.Release|Any CPU.ActiveCfg = Release|Any CPU
		{D8A64232-7C03-4A01-A5F0-ACFF29427071}.Release|Any CPU.Build.0 = Release|Any CPU
		{5E123E78-9123-4F46-9C5A-19E5EEB8FF8B}.Debug|Any CPU.ActiveCfg = Debug|Any CPU
		{5E123E78-9123-4F46-9C5A-19E5EEB8FF8B}.Debug|Any CPU.Build.0 = Debug|Any CPU
		{5E123E78-9123-4F46-9C5A-19E5EEB8FF8B}.Release|Any CPU.ActiveCfg = Release|Any CPU
		{5E123E78-9123-4F46-9C5A-19E5EEB8FF8B}.Release|Any CPU.Build.0 = Release|Any CPU
	EndGlobalSection
	GlobalSection(SolutionProperties) = preSolution
		HideSolutionNode = FALSE
	EndGlobalSection
EndGlobal
